
Microsoft Visual Studio Solution File, Format Version 12.00
# Visual Studio Version 17
VisualStudioVersion = 17.12.35527.113 d17.12
MinimumVisualStudioVersion = 10.0.40219.1
Project("{FAE04EC0-301F-11D3-BF4B-00C04F79EFBC}") = "lab_04", "lab_04\lab_04.csproj", "{A31CCC6A-3B42-4EEA-B005-7617E32B6E41}"
EndProject
Global
	GlobalSection(SolutionConfigurationPlatforms) = preSolution
		Debug|Any CPU = Debug|Any CPU
		Release|Any CPU = Release|Any CPU
	EndGlobalSection
	GlobalSection(ProjectConfigurationPlatforms) = postSolution
		{A31CCC6A-3B42-4EEA-B005-7617E32B6E41}.Debug|Any CPU.ActiveCfg = Debug|Any CPU
		{A31CCC6A-3B42-4EEA-B005-7617E32B6E41}.Debug|Any CPU.Build.0 = Debug|Any CPU
		{A31CCC6A-3B42-4EEA-B005-7617E32B6E41}.Release|Any CPU.ActiveCfg = Release|Any CPU
		{A31CCC6A-3B42-4EEA-B005-7617E32B6E41}.Release|Any CPU.Build.0 = Release|Any CPU
	EndGlobalSection
	GlobalSection(SolutionProperties) = preSolution
		HideSolutionNode = FALSE
	EndGlobalSection
EndGlobal
